github.com/sashabaranov/go-openai v1.24.0 h1:4H4Pg8Bl2RH/YSnU8DYumZbuHnnkfioor/dtNlB20D4=
github.com/sashabaranov/go-openai v1.24.0/go.mod h1:lj5b/K+zjTSFxVLijLSTDZuP7adOgerWeFyZLUhAKRg=
github.com/sashabaranov/go-openai v1.30.3 h1:TEdRP3otRXX2A7vLoU+kI5XpoSo7VUUlM/rEttUqgek=
github.com/sashabaranov/go-openai v1.30.3/go.mod h1:lj5b/K+zjTSFxVLijLSTDZuP7adOgerWeFyZLUhAKRg=
